Microsoft Visual Studio Solution File, Format Version 12.00
# Visual Studio Version 17
VisualStudioVersion = 17.5.2.0
MinimumVisualStudioVersion = 10.0.40219.1
Project("{FAE04EC0-301F-11D3-BF4B-00C04F79EFBC}") = "api-com-buta", "api-com-buta.csproj", "{87EB5239-41ED-C6FE-817F-3588DE3C4F17}"
EndProject
Global
	GlobalSection(SolutionConfigurationPlatforms) = preSolution
		Debug|Any CPU = Debug|Any CPU
		Release|Any CPU = Release|Any CPU
	EndGlobalSection
	GlobalSection(ProjectConfigurationPlatforms) = postSolution
		{87EB5239-41ED-C6FE-817F-3588DE3C4F17}.Debug|Any CPU.ActiveCfg = Debug|Any CPU
		{87EB5239-41ED-C6FE-817F-3588DE3C4F17}.Debug|Any CPU.Build.0 = Debug|Any CPU
		{87EB5239-41ED-C6FE-817F-3588DE3C4F17}.Release|Any CPU.ActiveCfg = Release|Any CPU
		{87EB5239-41ED-C6FE-817F-3588DE3C4F17}.Release|Any CPU.Build.0 = Release|Any CPU
	EndGlobalSection
	GlobalSection(SolutionProperties) = preSolution
		HideSolutionNode = FALSE
	EndGlobalSection
	GlobalSection(ExtensibilityGlobals) = postSolution
		SolutionGuid = {267EC1AE-2791-4606-89FF-79E5A0CD4A9F}
	EndGlobalSection
EndGlobal
